
Microsoft Visual Studio Solution File, Format Version 11.00
# Visual Studio 2010
Project("{2150E333-8FDC-42A3-9474-1A3956D46DE8}") = "Model", "Model", "{3B20131A-0CFB-48EA-BF50-2F5E176CE5CD}"
EndProject
Project("{2150E333-8FDC-42A3-9474-1A3956D46DE8}") = "ModelServices", "ModelServices", "{AF84333C-126E-4E67-85B3-7AA30B7F73DB}"
EndProject
Project("{FAE04EC0-301F-11D3-BF4B-00C04F79EFBC}") = "Librometer.Main", "Librometer.Main\Librometer.Main.csproj", "{99D1A1DA-EFA5-465E-A50C-27982444C7F8}"
EndProject
Project("{FAE04EC0-301F-11D3-BF4B-00C04F79EFBC}") = "Librometer.Views", "Librometer.Views\Librometer.Views.csproj", "{824E06BD-17FD-454D-9B6E-01ACE1446972}"
EndProject
Project("{FAE04EC0-301F-11D3-BF4B-00C04F79EFBC}") = "Librometer.Framework", "Librometer.Framework\Librometer.Framework.csproj", "{C2DCB5BD-49F1-433C-8C33-CDB97F852F2A}"
EndProject
Project("{FAE04EC0-301F-11D3-BF4B-00C04F79EFBC}") = "Librometer.Model", "Librometer.Model\Librometer.Model.csproj", "{E11FC434-492D-4472-B0D9-CA03C900060C}"
EndProject
Project("{FAE04EC0-301F-11D3-BF4B-00C04F79EFBC}") = "Librometer.ServicesEntityFramework", "Librometer.ServicesEntityFramework\Librometer.ServicesEntityFramework.csproj", "{8FFF84CE-56B0-4DD2-92BD-37CA326BFE70}"
EndProject
Project("{FAE04EC0-301F-11D3-BF4B-00C04F79EFBC}") = "Librometer.ModelGlobal", "Librometer.ModelGlobal\Librometer.ModelGlobal.csproj", "{A36352A2-0DC4-404E-9DDC-06089BA707F9}"
EndProject
Project("{2150E333-8FDC-42A3-9474-1A3956D46DE8}") = "Library", "Library", "{2F7BEE12-3FC2-4724-8636-D88285407F55}"
EndProject
Project("{FAE04EC0-301F-11D3-BF4B-00C04F79EFBC}") = "Librometer.DataAnnotations", "Librometer.DataAnnotations\Librometer.DataAnnotations.csproj", "{1CD3492E-BD93-42B3-AB81-7C52A3C9BDF1}"
EndProject
Project("{FAE04EC0-301F-11D3-BF4B-00C04F79EFBC}") = "Librometer.ViewModels", "Librometer.ViewModels\Librometer.ViewModels.csproj", "{DAC4BD0E-470C-4078-8BEF-D03E0FCB583B}"
EndProject
Project("{FAE04EC0-301F-11D3-BF4B-00C04F79EFBC}") = "Rakouncom.WP.IsolatedStorage", "Rakouncom.WP.IsolatedStorage\Rakouncom.WP.IsolatedStorage.csproj", "{ED772D18-3247-4EA2-A2CF-118B23E7FE74}"
EndProject
Project("{FAE04EC0-301F-11D3-BF4B-00C04F79EFBC}") = "DeepForest.Phone.Assets", "DeepForest.Phone.Assets\DeepForest.Phone.Assets.csproj", "{ABBE8A08-588A-44AB-A26E-0D90584EC290}"
EndProject
Project("{FAE04EC0-301F-11D3-BF4B-00C04F79EFBC}") = "Librometer.Adapters", "Librometer.Adapters\Librometer.Adapters.csproj", "{64D0F98F-4C79-468A-8490-24AE1BDBDB3E}"
EndProject
Project("{FAE04EC0-301F-11D3-BF4B-00C04F79EFBC}") = "WindowsPhoneListBoxWithCheckBoxesControl", "WindowsPhoneListBoxWithCheckBoxesControl\WindowsPhoneListBoxWithCheckBoxesControl\WindowsPhoneListBoxWithCheckBoxesControl.csproj", "{D6B82B52-2BF5-4D5A-9482-C2BA93B00193}"
EndProject
Project("{FAE04EC0-301F-11D3-BF4B-00C04F79EFBC}") = "WPExtensions", "WPExtensions\WPExtensions.csproj", "{564E0CE8-8BFE-45DA-B859-33504ACF7967}"
EndProject
Global
	GlobalSection(SolutionConfigurationPlatforms) = preSolution
		Debug|Any CPU = Debug|Any CPU
		NET_4_0|Any CPU = NET_4_0|Any CPU
		Release|Any CPU = Release|Any CPU
	EndGlobalSection
	GlobalSection(ProjectConfigurationPlatforms) = postSolution
		{99D1A1DA-EFA5-465E-A50C-27982444C7F8}.Debug|Any CPU.ActiveCfg = Debug|Any CPU
		{99D1A1DA-EFA5-465E-A50C-27982444C7F8}.Debug|Any CPU.Build.0 = Debug|Any CPU
		{99D1A1DA-EFA5-465E-A50C-27982444C7F8}.Debug|Any CPU.Deploy.0 = Debug|Any CPU
		{99D1A1DA-EFA5-465E-A50C-27982444C7F8}.NET_4_0|Any CPU.ActiveCfg = NET_4_0|Any CPU
		{99D1A1DA-EFA5-465E-A50C-27982444C7F8}.NET_4_0|Any CPU.Build.0 = NET_4_0|Any CPU
		{99D1A1DA-EFA5-465E-A50C-27982444C7F8}.NET_4_0|Any CPU.Deploy.0 = NET_4_0|Any CPU
		{99D1A1DA-EFA5-465E-A50C-27982444C7F8}.Release|Any CPU.ActiveCfg = Release|Any CPU
		{99D1A1DA-EFA5-465E-A50C-27982444C7F8}.Release|Any CPU.Build.0 = Release|Any CPU
		{99D1A1DA-EFA5-465E-A50C-27982444C7F8}.Release|Any CPU.Deploy.0 = Release|Any CPU
		{824E06BD-17FD-454D-9B6E-01ACE1446972}.Debug|Any CPU.ActiveCfg = Debug|Any CPU
		{824E06BD-17FD-454D-9B6E-01ACE1446972}.Debug|Any CPU.Build.0 = Debug|Any CPU
		{824E06BD-17FD-454D-9B6E-01ACE1446972}.NET_4_0|Any CPU.ActiveCfg = NET_4_0|Any CPU
		{824E06BD-17FD-454D-9B6E-01ACE1446972}.NET_4_0|Any CPU.Build.0 = NET_4_0|Any CPU
		{824E06BD-17FD-454D-9B6E-01ACE1446972}.Release|Any CPU.ActiveCfg = Release|Any CPU
		{824E06BD-17FD-454D-9B6E-01ACE1446972}.Release|Any CPU.Build.0 = Release|Any CPU
		{C2DCB5BD-49F1-433C-8C33-CDB97F852F2A}.Debug|Any CPU.ActiveCfg = Debug|Any CPU
		{C2DCB5BD-49F1-433C-8C33-CDB97F852F2A}.Debug|Any CPU.Build.0 = Debug|Any CPU
		{C2DCB5BD-49F1-433C-8C33-CDB97F852F2A}.NET_4_0|Any CPU.ActiveCfg = NET_4_0|Any CPU
		{C2DCB5BD-49F1-433C-8C33-CDB97F852F2A}.NET_4_0|Any CPU.Build.0 = NET_4_0|Any CPU
		{C2DCB5BD-49F1-433C-8C33-CDB97F852F2A}.Release|Any CPU.ActiveCfg = Release|Any CPU
		{C2DCB5BD-49F1-433C-8C33-CDB97F852F2A}.Release|Any CPU.Build.0 = Release|Any CPU
		{E11FC434-492D-4472-B0D9-CA03C900060C}.Debug|Any CPU.ActiveCfg = Debug|Any CPU
		{E11FC434-492D-4472-B0D9-CA03C900060C}.Debug|Any CPU.Build.0 = Debug|Any CPU
		{E11FC434-492D-4472-B0D9-CA03C900060C}.NET_4_0|Any CPU.ActiveCfg = NET_4_0|Any CPU
		{E11FC434-492D-4472-B0D9-CA03C900060C}.NET_4_0|Any CPU.Build.0 = NET_4_0|Any CPU
		{E11FC434-492D-4472-B0D9-CA03C900060C}.Release|Any CPU.ActiveCfg = Release|Any CPU
		{E11FC434-492D-4472-B0D9-CA03C900060C}.Release|Any CPU.Build.0 = Release|Any CPU
		{8FFF84CE-56B0-4DD2-92BD-37CA326BFE70}.Debug|Any CPU.ActiveCfg = Debug|Any CPU
		{8FFF84CE-56B0-4DD2-92BD-37CA326BFE70}.Debug|Any CPU.Build.0 = Debug|Any CPU
		{8FFF84CE-56B0-4DD2-92BD-37CA326BFE70}.NET_4_0|Any CPU.ActiveCfg = NET_4_0|Any CPU
		{8FFF84CE-56B0-4DD2-92BD-37CA326BFE70}.NET_4_0|Any CPU.Build.0 = NET_4_0|Any CPU
		{8FFF84CE-56B0-4DD2-92BD-37CA326BFE70}.Release|Any CPU.ActiveCfg = Release|Any CPU
		{8FFF84CE-56B0-4DD2-92BD-37CA326BFE70}.Release|Any CPU.Build.0 = Release|Any CPU
		{A36352A2-0DC4-404E-9DDC-06089BA707F9}.Debug|Any CPU.ActiveCfg = Debug|Any CPU
		{A36352A2-0DC4-404E-9DDC-06089BA707F9}.Debug|Any CPU.Build.0 = Debug|Any CPU
		{A36352A2-0DC4-404E-9DDC-06089BA707F9}.NET_4_0|Any CPU.ActiveCfg = NET_4_0|Any CPU
		{A36352A2-0DC4-404E-9DDC-06089BA707F9}.NET_4_0|Any CPU.Build.0 = NET_4_0|Any CPU
		{A36352A2-0DC4-404E-9DDC-06089BA707F9}.Release|Any CPU.ActiveCfg = Release|Any CPU
		{A36352A2-0DC4-404E-9DDC-06089BA707F9}.Release|Any CPU.Build.0 = Release|Any CPU
		{1CD3492E-BD93-42B3-AB81-7C52A3C9BDF1}.Debug|Any CPU.ActiveCfg = Debug|Any CPU
		{1CD3492E-BD93-42B3-AB81-7C52A3C9BDF1}.Debug|Any CPU.Build.0 = Debug|Any CPU
		{1CD3492E-BD93-42B3-AB81-7C52A3C9BDF1}.NET_4_0|Any CPU.ActiveCfg = NET_4_0|Any CPU
		{1CD3492E-BD93-42B3-AB81-7C52A3C9BDF1}.NET_4_0|Any CPU.Build.0 = NET_4_0|Any CPU
		{1CD3492E-BD93-42B3-AB81-7C52A3C9BDF1}.Release|Any CPU.ActiveCfg = Release|Any CPU
		{1CD3492E-BD93-42B3-AB81-7C52A3C9BDF1}.Release|Any CPU.Build.0 = Release|Any CPU
		{DAC4BD0E-470C-4078-8BEF-D03E0FCB583B}.Debug|Any CPU.ActiveCfg = Debug|Any CPU
		{DAC4BD0E-470C-4078-8BEF-D03E0FCB583B}.Debug|Any CPU.Build.0 = Debug|Any CPU
		{DAC4BD0E-470C-4078-8BEF-D03E0FCB583B}.NET_4_0|Any CPU.ActiveCfg = Debug|Any CPU
		{DAC4BD0E-470C-4078-8BEF-D03E0FCB583B}.NET_4_0|Any CPU.Build.0 = Debug|Any CPU
		{DAC4BD0E-470C-4078-8BEF-D03E0FCB583B}.Release|Any CPU.ActiveCfg = Release|Any CPU
		{DAC4BD0E-470C-4078-8BEF-D03E0FCB583B}.Release|Any CPU.Build.0 = Release|Any CPU
		{ED772D18-3247-4EA2-A2CF-118B23E7FE74}.Debug|Any CPU.ActiveCfg = Debug|Any CPU
		{ED772D18-3247-4EA2-A2CF-118B23E7FE74}.Debug|Any CPU.Build.0 = Debug|Any CPU
		{ED772D18-3247-4EA2-A2CF-118B23E7FE74}.NET_4_0|Any CPU.ActiveCfg = Release|Any CPU
		{ED772D18-3247-4EA2-A2CF-118B23E7FE74}.NET_4_0|Any CPU.Build.0 = Release|Any CPU
		{ED772D18-3247-4EA2-A2CF-118B23E7FE74}.Release|Any CPU.ActiveCfg = Release|Any CPU
		{ED772D18-3247-4EA2-A2CF-118B23E7FE74}.Release|Any CPU.Build.0 = Release|Any CPU
		{ABBE8A08-588A-44AB-A26E-0D90584EC290}.Debug|Any CPU.ActiveCfg = Debug|Any CPU
		{ABBE8A08-588A-44AB-A26E-0D90584EC290}.Debug|Any CPU.Build.0 = Debug|Any CPU
		{ABBE8A08-588A-44AB-A26E-0D90584EC290}.NET_4_0|Any CPU.ActiveCfg = Release|Any CPU
		{ABBE8A08-588A-44AB-A26E-0D90584EC290}.NET_4_0|Any CPU.Build.0 = Release|Any CPU
		{ABBE8A08-588A-44AB-A26E-0D90584EC290}.Release|Any CPU.ActiveCfg = Release|Any CPU
		{ABBE8A08-588A-44AB-A26E-0D90584EC290}.Release|Any CPU.Build.0 = Release|Any CPU
		{64D0F98F-4C79-468A-8490-24AE1BDBDB3E}.Debug|Any CPU.ActiveCfg = Debug|Any CPU
		{64D0F98F-4C79-468A-8490-24AE1BDBDB3E}.Debug|Any CPU.Build.0 = Debug|Any CPU
		{64D0F98F-4C79-468A-8490-24AE1BDBDB3E}.NET_4_0|Any CPU.ActiveCfg = Release|Any CPU
		{64D0F98F-4C79-468A-8490-24AE1BDBDB3E}.NET_4_0|Any CPU.Build.0 = Release|Any CPU
		{64D0F98F-4C79-468A-8490-24AE1BDBDB3E}.Release|Any CPU.ActiveCfg = Release|Any CPU
		{64D0F98F-4C79-468A-8490-24AE1BDBDB3E}.Release|Any CPU.Build.0 = Release|Any CPU
		{D6B82B52-2BF5-4D5A-9482-C2BA93B00193}.Debug|Any CPU.ActiveCfg = Debug|Any CPU
		{D6B82B52-2BF5-4D5A-9482-C2BA93B00193}.Debug|Any CPU.Build.0 = Debug|Any CPU
		{D6B82B52-2BF5-4D5A-9482-C2BA93B00193}.NET_4_0|Any CPU.ActiveCfg = Release|Any CPU
		{D6B82B52-2BF5-4D5A-9482-C2BA93B00193}.NET_4_0|Any CPU.Build.0 = Release|Any CPU
		{D6B82B52-2BF5-4D5A-9482-C2BA93B00193}.Release|Any CPU.ActiveCfg = Release|Any CPU
		{D6B82B52-2BF5-4D5A-9482-C2BA93B00193}.Release|Any CPU.Build.0 = Release|Any CPU
		{564E0CE8-8BFE-45DA-B859-33504ACF7967}.Debug|Any CPU.ActiveCfg = Debug|Any CPU
		{564E0CE8-8BFE-45DA-B859-33504ACF7967}.Debug|Any CPU.Build.0 = Debug|Any CPU
		{564E0CE8-8BFE-45DA-B859-33504ACF7967}.NET_4_0|Any CPU.ActiveCfg = Release|Any CPU
		{564E0CE8-8BFE-45DA-B859-33504ACF7967}.NET_4_0|Any CPU.Build.0 = Release|Any CPU
		{564E0CE8-8BFE-45DA-B859-33504ACF7967}.Release|Any CPU.ActiveCfg = Release|Any CPU
		{564E0CE8-8BFE-45DA-B859-33504ACF7967}.Release|Any CPU.Build.0 = Release|Any CPU
	EndGlobalSection
	GlobalSection(SolutionProperties) = preSolution
		HideSolutionNode = FALSE
	EndGlobalSection
	GlobalSection(NestedProjects) = preSolution
		{E11FC434-492D-4472-B0D9-CA03C900060C} = {3B20131A-0CFB-48EA-BF50-2F5E176CE5CD}
		{A36352A2-0DC4-404E-9DDC-06089BA707F9} = {3B20131A-0CFB-48EA-BF50-2F5E176CE5CD}
		{8FFF84CE-56B0-4DD2-92BD-37CA326BFE70} = {AF84333C-126E-4E67-85B3-7AA30B7F73DB}
		{1CD3492E-BD93-42B3-AB81-7C52A3C9BDF1} = {2F7BEE12-3FC2-4724-8636-D88285407F55}
		{ED772D18-3247-4EA2-A2CF-118B23E7FE74} = {2F7BEE12-3FC2-4724-8636-D88285407F55}
		{ABBE8A08-588A-44AB-A26E-0D90584EC290} = {2F7BEE12-3FC2-4724-8636-D88285407F55}
		{64D0F98F-4C79-468A-8490-24AE1BDBDB3E} = {2F7BEE12-3FC2-4724-8636-D88285407F55}
		{D6B82B52-2BF5-4D5A-9482-C2BA93B00193} = {2F7BEE12-3FC2-4724-8636-D88285407F55}
		{564E0CE8-8BFE-45DA-B859-33504ACF7967} = {2F7BEE12-3FC2-4724-8636-D88285407F55}
	EndGlobalSection
EndGlobal
